// !$*UTF8*$!
{
	archiveVersion = 1;
	classes = {
	};
	objectVersion = 56;
	objects = {

/* Begin PBXBuildFile section */
		4000FB3E29BBE28A00D7374B /* ToDo.swift in Sources */ = {isa = PBXBuildFile; fileRef = 4000FB3D29BBE28A00D7374B /* ToDo.swift */; };
		4000FB4029BBE3BC00D7374B /* Area.swift in Sources */ = {isa = PBXBuildFile; fileRef = 4000FB3F29BBE3BC00D7374B /* Area.swift */; };
		4000FB4229BBE6FA00D7374B /* Area.swift in Sources */ = {isa = PBXBuildFile; fileRef = 4000FB4129BBE6FA00D7374B /* Area.swift */; };
		4000FB4429BBE71C00D7374B /* Tag.swift in Sources */ = {isa = PBXBuildFile; fileRef = 4000FB4329BBE71C00D7374B /* Tag.swift */; };
		4000FB4629BBE78900D7374B /* CheckItem.swift in Sources */ = {isa = PBXBuildFile; fileRef = 4000FB4529BBE78900D7374B /* CheckItem.swift */; };
		4000FB4829BBE79500D7374B /* Checkitem.swift in Sources */ = {isa = PBXBuildFile; fileRef = 4000FB4729BBE79500D7374B /* Checkitem.swift */; };
		4042C5FF29BB4FB500A5FB1B /* ThingsApp.swift in Sources */ = {isa = PBXBuildFile; fileRef = 4042C5FE29BB4FB500A5FB1B /* ThingsApp.swift */; };
		4042C60129BB4FB500A5FB1B /* ContentView.swift in Sources */ = {isa = PBXBuildFile; fileRef = 4042C60029BB4FB500A5FB1B /* ContentView.swift */; };
		4042C60329BB4FB600A5FB1B /* Assets.xcassets in Resources */ = {isa = PBXBuildFile; fileRef = 4042C60229BB4FB600A5FB1B /* Assets.xcassets */; };
		4042C60629BB4FB600A5FB1B /* Preview Assets.xcassets in Resources */ = {isa = PBXBuildFile; fileRef = 4042C60529BB4FB600A5FB1B /* Preview Assets.xcassets */; };
		4042C60829BB4FB600A5FB1B /* Persistence.swift in Sources */ = {isa = PBXBuildFile; fileRef = 4042C60729BB4FB600A5FB1B /* Persistence.swift */; };
		4042C60B29BB4FB600A5FB1B /* Things.xcdatamodeld in Sources */ = {isa = PBXBuildFile; fileRef = 4042C60929BB4FB600A5FB1B /* Things.xcdatamodeld */; };
		4042C61629BB4FB600A5FB1B /* ThingsTests.swift in Sources */ = {isa = PBXBuildFile; fileRef = 4042C61529BB4FB600A5FB1B /* ThingsTests.swift */; };
		4042C62F29BB4FC600A5FB1B /* AppCore.swift in Sources */ = {isa = PBXBuildFile; fileRef = 4042C62E29BB4FC600A5FB1B /* AppCore.swift */; };
		4042C63129BB4FE100A5FB1B /* AppState.swift in Sources */ = {isa = PBXBuildFile; fileRef = 4042C63029BB4FE100A5FB1B /* AppState.swift */; };
		4042C63529BB4FFD00A5FB1B /* Message.swift in Sources */ = {isa = PBXBuildFile; fileRef = 4042C63429BB4FFD00A5FB1B /* Message.swift */; };
		4042C63729BB6F8700A5FB1B /* StateStore.swift in Sources */ = {isa = PBXBuildFile; fileRef = 4042C63629BB6F8700A5FB1B /* StateStore.swift */; };
		4042C63929BB6F9F00A5FB1B /* Stores.swift in Sources */ = {isa = PBXBuildFile; fileRef = 4042C63829BB6F9F00A5FB1B /* Stores.swift */; };
		4042C63B29BB6FB400A5FB1B /* UseCase.swift in Sources */ = {isa = PBXBuildFile; fileRef = 4042C63A29BB6FB400A5FB1B /* UseCase.swift */; };
		4042C63D29BB6FC300A5FB1B /* ViewState.swift in Sources */ = {isa = PBXBuildFile; fileRef = 4042C63C29BB6FC300A5FB1B /* ViewState.swift */; };
		4042C63F29BB6FEC00A5FB1B /* ActionArray+Call.swift in Sources */ = {isa = PBXBuildFile; fileRef = 4042C63E29BB6FEC00A5FB1B /* ActionArray+Call.swift */; };
		4042C64129BBB09600A5FB1B /* Set.swift in Sources */ = {isa = PBXBuildFile; fileRef = 4042C64029BBB09600A5FB1B /* Set.swift */; };
		4042C64529BBB11100A5FB1B /* ToDo.swift in Sources */ = {isa = PBXBuildFile; fileRef = 4042C64429BBB11000A5FB1B /* ToDo.swift */; };
		407574F729BD47950097BB62 /* AppState.swift in Sources */ = {isa = PBXBuildFile; fileRef = 407574F629BD47950097BB62 /* AppState.swift */; };
		407574F929BE14AA0097BB62 /* Tag.swift in Sources */ = {isa = PBXBuildFile; fileRef = 407574F829BE14AA0097BB62 /* Tag.swift */; };
		407574FC29BE3CCC0097BB62 /* BaseTests.swift in Sources */ = {isa = PBXBuildFile; fileRef = 407574FB29BE3CCC0097BB62 /* BaseTests.swift */; };
		407574FE29BE4A0C0097BB62 /* CoreData.swift in Sources */ = {isa = PBXBuildFile; fileRef = 407574FD29BE4A0C0097BB62 /* CoreData.swift */; };
		4075750029BE4AD30097BB62 /* Template.swift in Sources */ = {isa = PBXBuildFile; fileRef = 407574FF29BE4AD30097BB62 /* Template.swift */; };
		4075750329BE634D0097BB62 /* Manager.swift in Sources */ = {isa = PBXBuildFile; fileRef = 4075750229BE634D0097BB62 /* Manager.swift */; };
/* End PBXBuildFile section */

/* Begin PBXContainerItemProxy section */
		4042C61229BB4FB600A5FB1B /* PBXContainerItemProxy */ = {
			isa = PBXContainerItemProxy;
			containerPortal = 4042C5F329BB4FB500A5FB1B /* Project object */;
			proxyType = 1;
			remoteGlobalIDString = 4042C5FA29BB4FB500A5FB1B;
			remoteInfo = Things;
		};
/* End PBXContainerItemProxy section */

/* Begin PBXFileReference section */
		4000FB3D29BBE28A00D7374B /* ToDo.swift */ = {isa = PBXFileReference; lastKnownFileType = sourcecode.swift; path = ToDo.swift; sourceTree = "<group>"; };
		4000FB3F29BBE3BC00D7374B /* Area.swift */ = {isa = PBXFileReference; lastKnownFileType = sourcecode.swift; path = Area.swift; sourceTree = "<group>"; };
		4000FB4129BBE6FA00D7374B /* Area.swift */ = {isa = PBXFileReference; lastKnownFileType = sourcecode.swift; path = Area.swift; sourceTree = "<group>"; };
		4000FB4329BBE71C00D7374B /* Tag.swift */ = {isa = PBXFileReference; lastKnownFileType = sourcecode.swift; path = Tag.swift; sourceTree = "<group>"; };
		4000FB4529BBE78900D7374B /* CheckItem.swift */ = {isa = PBXFileReference; lastKnownFileType = sourcecode.swift; path = CheckItem.swift; sourceTree = "<group>"; };
		4000FB4729BBE79500D7374B /* Checkitem.swift */ = {isa = PBXFileReference; lastKnownFileType = sourcecode.swift; path = Checkitem.swift; sourceTree = "<group>"; };
		4042C5FB29BB4FB500A5FB1B /* Things.app */ = {isa = PBXFileReference; explicitFileType = wrapper.application; includeInIndex = 0; path = Things.app; sourceTree = BUILT_PRODUCTS_DIR; };
		4042C5FE29BB4FB500A5FB1B /* ThingsApp.swift */ = {isa = PBXFileReference; lastKnownFileType = sourcecode.swift; path = ThingsApp.swift; sourceTree = "<group>"; };
		4042C60029BB4FB500A5FB1B /* ContentView.swift */ = {isa = PBXFileReference; lastKnownFileType = sourcecode.swift; path = ContentView.swift; sourceTree = "<group>"; };
		4042C60229BB4FB600A5FB1B /* Assets.xcassets */ = {isa = PBXFileReference; lastKnownFileType = folder.assetcatalog; path = Assets.xcassets; sourceTree = "<group>"; };
		4042C60529BB4FB600A5FB1B /* Preview Assets.xcassets */ = {isa = PBXFileReference; lastKnownFileType = folder.assetcatalog; path = "Preview Assets.xcassets"; sourceTree = "<group>"; };
		4042C60729BB4FB600A5FB1B /* Persistence.swift */ = {isa = PBXFileReference; lastKnownFileType = sourcecode.swift; path = Persistence.swift; sourceTree = "<group>"; };
		4042C60A29BB4FB600A5FB1B /* Things.xcdatamodel */ = {isa = PBXFileReference; lastKnownFileType = wrapper.xcdatamodel; path = Things.xcdatamodel; sourceTree = "<group>"; };
		4042C60C29BB4FB600A5FB1B /* Info.plist */ = {isa = PBXFileReference; lastKnownFileType = text.plist.xml; path = Info.plist; sourceTree = "<group>"; };
		4042C61129BB4FB600A5FB1B /* ThingsTests.xctest */ = {isa = PBXFileReference; explicitFileType = wrapper.cfbundle; includeInIndex = 0; path = ThingsTests.xctest; sourceTree = BUILT_PRODUCTS_DIR; };
		4042C61529BB4FB600A5FB1B /* ThingsTests.swift */ = {isa = PBXFileReference; lastKnownFileType = sourcecode.swift; path = ThingsTests.swift; sourceTree = "<group>"; };
		4042C62E29BB4FC600A5FB1B /* AppCore.swift */ = {isa = PBXFileReference; lastKnownFileType = sourcecode.swift; path = AppCore.swift; sourceTree = "<group>"; };
		4042C63029BB4FE100A5FB1B /* AppState.swift */ = {isa = PBXFileReference; lastKnownFileType = sourcecode.swift; path = AppState.swift; sourceTree = "<group>"; };
		4042C63429BB4FFD00A5FB1B /* Message.swift */ = {isa = PBXFileReference; lastKnownFileType = sourcecode.swift; path = Message.swift; sourceTree = "<group>"; };
		4042C63629BB6F8700A5FB1B /* StateStore.swift */ = {isa = PBXFileReference; lastKnownFileType = sourcecode.swift; path = StateStore.swift; sourceTree = "<group>"; };
		4042C63829BB6F9F00A5FB1B /* Stores.swift */ = {isa = PBXFileReference; lastKnownFileType = sourcecode.swift; path = Stores.swift; sourceTree = "<group>"; };
		4042C63A29BB6FB400A5FB1B /* UseCase.swift */ = {isa = PBXFileReference; lastKnownFileType = sourcecode.swift; path = UseCase.swift; sourceTree = "<group>"; };
		4042C63C29BB6FC300A5FB1B /* ViewState.swift */ = {isa = PBXFileReference; lastKnownFileType = sourcecode.swift; path = ViewState.swift; sourceTree = "<group>"; };
		4042C63E29BB6FEC00A5FB1B /* ActionArray+Call.swift */ = {isa = PBXFileReference; lastKnownFileType = sourcecode.swift; path = "ActionArray+Call.swift"; sourceTree = "<group>"; };
		4042C64029BBB09600A5FB1B /* Set.swift */ = {isa = PBXFileReference; lastKnownFileType = sourcecode.swift; path = Set.swift; sourceTree = "<group>"; };
		4042C64429BBB11000A5FB1B /* ToDo.swift */ = {isa = PBXFileReference; lastKnownFileType = sourcecode.swift; path = ToDo.swift; sourceTree = "<group>"; };
		407574F629BD47950097BB62 /* AppState.swift */ = {isa = PBXFileReference; lastKnownFileType = sourcecode.swift; path = AppState.swift; sourceTree = "<group>"; };
		407574F829BE14AA0097BB62 /* Tag.swift */ = {isa = PBXFileReference; lastKnownFileType = sourcecode.swift; path = Tag.swift; sourceTree = "<group>"; };
		407574FB29BE3CCC0097BB62 /* BaseTests.swift */ = {isa = PBXFileReference; lastKnownFileType = sourcecode.swift; path = BaseTests.swift; sourceTree = "<group>"; };
		407574FD29BE4A0C0097BB62 /* CoreData.swift */ = {isa = PBXFileReference; lastKnownFileType = sourcecode.swift; path = CoreData.swift; sourceTree = "<group>"; };
		407574FF29BE4AD30097BB62 /* Template.swift */ = {isa = PBXFileReference; lastKnownFileType = sourcecode.swift; path = Template.swift; sourceTree = "<group>"; };
		4075750229BE634D0097BB62 /* Manager.swift */ = {isa = PBXFileReference; lastKnownFileType = sourcecode.swift; path = Manager.swift; sourceTree = "<group>"; };
/* End PBXFileReference section */

/* Begin PBXFrameworksBuildPhase section */
		4042C5F829BB4FB500A5FB1B /* Frameworks */ = {
			isa = PBXFrameworksBuildPhase;
			buildActionMask = 2147483647;
			files = (
			);
			runOnlyForDeploymentPostprocessing = 0;
		};
		4042C60E29BB4FB600A5FB1B /* Frameworks */ = {
			isa = PBXFrameworksBuildPhase;
			buildActionMask = 2147483647;
			files = (
			);
			runOnlyForDeploymentPostprocessing = 0;
		};
/* End PBXFrameworksBuildPhase section */

/* Begin PBXGroup section */
		4000FB3C29BBE27200D7374B /* Domain */ = {
			isa = PBXGroup;
			children = (
				4000FB4129BBE6FA00D7374B /* Area.swift */,
				4000FB4529BBE78900D7374B /* CheckItem.swift */,
				4000FB4329BBE71C00D7374B /* Tag.swift */,
				4000FB3D29BBE28A00D7374B /* ToDo.swift */,
			);
			path = Domain;
			sourceTree = "<group>";
		};
		4042C5F229BB4FB500A5FB1B = {
			isa = PBXGroup;
			children = (
				4042C5FD29BB4FB500A5FB1B /* Things */,
				4042C61429BB4FB600A5FB1B /* ThingsTests */,
				4042C5FC29BB4FB500A5FB1B /* Products */,
			);
			sourceTree = "<group>";
		};
		4042C5FC29BB4FB500A5FB1B /* Products */ = {
			isa = PBXGroup;
			children = (
				4042C5FB29BB4FB500A5FB1B /* Things.app */,
				4042C61129BB4FB600A5FB1B /* ThingsTests.xctest */,
			);
			name = Products;
			sourceTree = "<group>";
		};
		4042C5FD29BB4FB500A5FB1B /* Things */ = {
			isa = PBXGroup;
			children = (
				4000FB3C29BBE27200D7374B /* Domain */,
				4042C64229BBB09A00A5FB1B /* Extensions */,
				4042C5FE29BB4FB500A5FB1B /* ThingsApp.swift */,
				4042C60029BB4FB500A5FB1B /* ContentView.swift */,
				4042C62E29BB4FC600A5FB1B /* AppCore.swift */,
				4042C63029BB4FE100A5FB1B /* AppState.swift */,
				4042C63429BB4FFD00A5FB1B /* Message.swift */,
				4042C63629BB6F8700A5FB1B /* StateStore.swift */,
				4042C63829BB6F9F00A5FB1B /* Stores.swift */,
				4042C63A29BB6FB400A5FB1B /* UseCase.swift */,
				4042C63C29BB6FC300A5FB1B /* ViewState.swift */,
				4042C60229BB4FB600A5FB1B /* Assets.xcassets */,
				4042C60729BB4FB600A5FB1B /* Persistence.swift */,
				4042C60C29BB4FB600A5FB1B /* Info.plist */,
				4042C60929BB4FB600A5FB1B /* Things.xcdatamodeld */,
				4042C60429BB4FB600A5FB1B /* Preview Content */,
			);
			path = Things;
			sourceTree = "<group>";
		};
		4042C60429BB4FB600A5FB1B /* Preview Content */ = {
			isa = PBXGroup;
			children = (
				4042C60529BB4FB600A5FB1B /* Preview Assets.xcassets */,
			);
			path = "Preview Content";
			sourceTree = "<group>";
		};
		4042C61429BB4FB600A5FB1B /* ThingsTests */ = {
			isa = PBXGroup;
			children = (
				4075750129BE633D0097BB62 /* CoreData */,
				407574FA29BE3CC50097BB62 /* Stores */,
				4042C64329BBB0FF00A5FB1B /* DSLs */,
				4042C61529BB4FB600A5FB1B /* ThingsTests.swift */,
			);
			path = ThingsTests;
			sourceTree = "<group>";
		};
		4042C64229BBB09A00A5FB1B /* Extensions */ = {
			isa = PBXGroup;
			children = (
				4042C64029BBB09600A5FB1B /* Set.swift */,
				4042C63E29BB6FEC00A5FB1B /* ActionArray+Call.swift */,
			);
			path = Extensions;
			sourceTree = "<group>";
		};
		4042C64329BBB0FF00A5FB1B /* DSLs */ = {
			isa = PBXGroup;
			children = (
				407574F629BD47950097BB62 /* AppState.swift */,
				4000FB3F29BBE3BC00D7374B /* Area.swift */,
				4000FB4729BBE79500D7374B /* Checkitem.swift */,
				407574F829BE14AA0097BB62 /* Tag.swift */,
				4042C64429BBB11000A5FB1B /* ToDo.swift */,
			);
			path = DSLs;
			sourceTree = "<group>";
		};
		407574FA29BE3CC50097BB62 /* Stores */ = {
			isa = PBXGroup;
			children = (
				407574FB29BE3CCC0097BB62 /* BaseTests.swift */,
				407574FF29BE4AD30097BB62 /* Template.swift */,
				407574FD29BE4A0C0097BB62 /* CoreData.swift */,
			);
			path = Stores;
			sourceTree = "<group>";
		};
		4075750129BE633D0097BB62 /* CoreData */ = {
			isa = PBXGroup;
			children = (
				4075750229BE634D0097BB62 /* Manager.swift */,
			);
			path = CoreData;
			sourceTree = "<group>";
		};
/* End PBXGroup section */

/* Begin PBXNativeTarget section */
		4042C5FA29BB4FB500A5FB1B /* Things */ = {
			isa = PBXNativeTarget;
			buildConfigurationList = 4042C62529BB4FB600A5FB1B /* Build configuration list for PBXNativeTarget "Things" */;
			buildPhases = (
				4042C5F729BB4FB500A5FB1B /* Sources */,
				4042C5F829BB4FB500A5FB1B /* Frameworks */,
				4042C5F929BB4FB500A5FB1B /* Resources */,
			);
			buildRules = (
			);
			dependencies = (
			);
			name = Things;
			productName = Things;
			productReference = 4042C5FB29BB4FB500A5FB1B /* Things.app */;
			productType = "com.apple.product-type.application";
		};
		4042C61029BB4FB600A5FB1B /* ThingsTests */ = {
			isa = PBXNativeTarget;
			buildConfigurationList = 4042C62829BB4FB600A5FB1B /* Build configuration list for PBXNativeTarget "ThingsTests" */;
			buildPhases = (
				4042C60D29BB4FB600A5FB1B /* Sources */,
				4042C60E29BB4FB600A5FB1B /* Frameworks */,
				4042C60F29BB4FB600A5FB1B /* Resources */,
			);
			buildRules = (
			);
			dependencies = (
				4042C61329BB4FB600A5FB1B /* PBXTargetDependency */,
			);
			name = ThingsTests;
			productName = ThingsTests;
			productReference = 4042C61129BB4FB600A5FB1B /* ThingsTests.xctest */;
			productType = "com.apple.product-type.bundle.unit-test";
		};
/* End PBXNativeTarget section */

/* Begin PBXProject section */
		4042C5F329BB4FB500A5FB1B /* Project object */ = {
			isa = PBXProject;
			attributes = {
				BuildIndependentTargetsInParallel = 1;
				LastSwiftUpdateCheck = 1420;
				LastUpgradeCheck = 1420;
				TargetAttributes = {
					4042C5FA29BB4FB500A5FB1B = {
						CreatedOnToolsVersion = 14.2;
					};
					4042C61029BB4FB600A5FB1B = {
						CreatedOnToolsVersion = 14.2;
						TestTargetID = 4042C5FA29BB4FB500A5FB1B;
					};
				};
			};
			buildConfigurationList = 4042C5F629BB4FB500A5FB1B /* Build configuration list for PBXProject "Things" */;
			compatibilityVersion = "Xcode 14.0";
			developmentRegion = en;
			hasScannedForEncodings = 0;
			knownRegions = (
				en,
				Base,
			);
			mainGroup = 4042C5F229BB4FB500A5FB1B;
			productRefGroup = 4042C5FC29BB4FB500A5FB1B /* Products */;
			projectDirPath = "";
			projectRoot = "";
			targets = (
				4042C5FA29BB4FB500A5FB1B /* Things */,
				4042C61029BB4FB600A5FB1B /* ThingsTests */,
			);
		};
/* End PBXProject section */

/* Begin PBXResourcesBuildPhase section */
		4042C5F929BB4FB500A5FB1B /* Resources */ = {
			isa = PBXResourcesBuildPhase;
			buildActionMask = 2147483647;
			files = (
				4042C60629BB4FB600A5FB1B /* Preview Assets.xcassets in Resources */,
				4042C60329BB4FB600A5FB1B /* Assets.xcassets in Resources */,
			);
			runOnlyForDeploymentPostprocessing = 0;
		};
		4042C60F29BB4FB600A5FB1B /* Resources */ = {
			isa = PBXResourcesBuildPhase;
			buildActionMask = 2147483647;
			files = (
			);
			runOnlyForDeploymentPostprocessing = 0;
		};
/* End PBXResourcesBuildPhase section */

/* Begin PBXSourcesBuildPhase section */
		4042C5F729BB4FB500A5FB1B /* Sources */ = {
			isa = PBXSourcesBuildPhase;
			buildActionMask = 2147483647;
			files = (
				4000FB4429BBE71C00D7374B /* Tag.swift in Sources */,
				4000FB4629BBE78900D7374B /* CheckItem.swift in Sources */,
				4042C60B29BB4FB600A5FB1B /* Things.xcdatamodeld in Sources */,
				4042C60829BB4FB600A5FB1B /* Persistence.swift in Sources */,
				4042C63D29BB6FC300A5FB1B /* ViewState.swift in Sources */,
				4042C63F29BB6FEC00A5FB1B /* ActionArray+Call.swift in Sources */,
				4042C60129BB4FB500A5FB1B /* ContentView.swift in Sources */,
				4042C63129BB4FE100A5FB1B /* AppState.swift in Sources */,
				4042C5FF29BB4FB500A5FB1B /* ThingsApp.swift in Sources */,
				4000FB3E29BBE28A00D7374B /* ToDo.swift in Sources */,
				4042C63B29BB6FB400A5FB1B /* UseCase.swift in Sources */,
				4042C63929BB6F9F00A5FB1B /* Stores.swift in Sources */,
				4042C63729BB6F8700A5FB1B /* StateStore.swift in Sources */,
				4042C64129BBB09600A5FB1B /* Set.swift in Sources */,
				4042C63529BB4FFD00A5FB1B /* Message.swift in Sources */,
				4042C62F29BB4FC600A5FB1B /* AppCore.swift in Sources */,
				4000FB4229BBE6FA00D7374B /* Area.swift in Sources */,
			);
			runOnlyForDeploymentPostprocessing = 0;
		};
		4042C60D29BB4FB600A5FB1B /* Sources */ = {
			isa = PBXSourcesBuildPhase;
			buildActionMask = 2147483647;
			files = (
				407574F929BE14AA0097BB62 /* Tag.swift in Sources */,
				4042C64529BBB11100A5FB1B /* ToDo.swift in Sources */,
				407574F729BD47950097BB62 /* AppState.swift in Sources */,
				4075750029BE4AD30097BB62 /* Template.swift in Sources */,
				4000FB4029BBE3BC00D7374B /* Area.swift in Sources */,
				407574FE29BE4A0C0097BB62 /* CoreData.swift in Sources */,
				4042C61629BB4FB600A5FB1B /* ThingsTests.swift in Sources */,
				407574FC29BE3CCC0097BB62 /* BaseTests.swift in Sources */,
				4000FB4829BBE79500D7374B /* Checkitem.swift in Sources */,
				4075750329BE634D0097BB62 /* Manager.swift in Sources */,
			);
			runOnlyForDeploymentPostprocessing = 0;
		};
/* End PBXSourcesBuildPhase section */

/* Begin PBXTargetDependency section */
		4042C61329BB4FB600A5FB1B /* PBXTargetDependency */ = {
			isa = PBXTargetDependency;
			target = 4042C5FA29BB4FB500A5FB1B /* Things */;
			targetProxy = 4042C61229BB4FB600A5FB1B /* PBXContainerItemProxy */;
		};
/* End PBXTargetDependency section */

/* Begin XCBuildConfiguration section */
		4042C62329BB4FB600A5FB1B /* Debug */ = {
			isa = XCBuildConfiguration;
			buildSettings = {
				ALWAYS_SEARCH_USER_PATHS = NO;
				CLANG_ANALYZER_NONNULL = YES;
				CLANG_ANALYZER_NUMBER_OBJECT_CONVERSION = YES_AGGRESSIVE;
				CLANG_CXX_LANGUAGE_STANDARD = "gnu++20";
				CLANG_ENABLE_MODULES = YES;
				CLANG_ENABLE_OBJC_ARC = YES;
				CLANG_ENABLE_OBJC_WEAK = YES;
				CLANG_WARN_BLOCK_CAPTURE_AUTORELEASING = YES;
				CLANG_WARN_BOOL_CONVERSION = YES;
				CLANG_WARN_COMMA = YES;
				CLANG_WARN_CONSTANT_CONVERSION = YES;
				CLANG_WARN_DEPRECATED_OBJC_IMPLEMENTATIONS = YES;
				CLANG_WARN_DIRECT_OBJC_ISA_USAGE = YES_ERROR;
				CLANG_WARN_DOCUMENTATION_COMMENTS = YES;
				CLANG_WARN_EMPTY_BODY = YES;
				CLANG_WARN_ENUM_CONVERSION = YES;
				CLANG_WARN_INFINITE_RECURSION = YES;
				CLANG_WARN_INT_CONVERSION = YES;
				CLANG_WARN_NON_LITERAL_NULL_CONVERSION = YES;
				CLANG_WARN_OBJC_IMPLICIT_RETAIN_SELF = YES;
				CLANG_WARN_OBJC_LITERAL_CONVERSION = YES;
				CLANG_WARN_OBJC_ROOT_CLASS = YES_ERROR;
				CLANG_WARN_QUOTED_INCLUDE_IN_FRAMEWORK_HEADER = YES;
				CLANG_WARN_RANGE_LOOP_ANALYSIS = YES;
				CLANG_WARN_STRICT_PROTOTYPES = YES;
				CLANG_WARN_SUSPICIOUS_MOVE = YES;
				CLANG_WARN_UNGUARDED_AVAILABILITY = YES_AGGRESSIVE;
				CLANG_WARN_UNREACHABLE_CODE = YES;
				CLANG_WARN__DUPLICATE_METHOD_MATCH = YES;
				COPY_PHASE_STRIP = NO;
				DEBUG_INFORMATION_FORMAT = dwarf;
				ENABLE_STRICT_OBJC_MSGSEND = YES;
				ENABLE_TESTABILITY = YES;
				GCC_C_LANGUAGE_STANDARD = gnu11;
				GCC_DYNAMIC_NO_PIC = NO;
				GCC_NO_COMMON_BLOCKS = YES;
				GCC_OPTIMIZATION_LEVEL = 0;
				GCC_PREPROCESSOR_DEFINITIONS = (
					"DEBUG=1",
					"$(inherited)",
				);
				GCC_WARN_64_TO_32_BIT_CONVERSION = YES;
				GCC_WARN_ABOUT_RETURN_TYPE = YES_ERROR;
				GCC_WARN_UNDECLARED_SELECTOR = YES;
				GCC_WARN_UNINITIALIZED_AUTOS = YES_AGGRESSIVE;
				GCC_WARN_UNUSED_FUNCTION = YES;
				GCC_WARN_UNUSED_VARIABLE = YES;
				IPHONEOS_DEPLOYMENT_TARGET = 16.2;
				MTL_ENABLE_DEBUG_INFO = INCLUDE_SOURCE;
				MTL_FAST_MATH = YES;
				ONLY_ACTIVE_ARCH = YES;
				SDKROOT = iphoneos;
				SWIFT_ACTIVE_COMPILATION_CONDITIONS = DEBUG;
				SWIFT_OPTIMIZATION_LEVEL = "-Onone";
			};
			name = Debug;
		};
		4042C62429BB4FB600A5FB1B /* Release */ = {
			isa = XCBuildConfiguration;
			buildSettings = {
				ALWAYS_SEARCH_USER_PATHS = NO;
				CLANG_ANALYZER_NONNULL = YES;
				CLANG_ANALYZER_NUMBER_OBJECT_CONVERSION = YES_AGGRESSIVE;
				CLANG_CXX_LANGUAGE_STANDARD = "gnu++20";
				CLANG_ENABLE_MODULES = YES;
				CLANG_ENABLE_OBJC_ARC = YES;
				CLANG_ENABLE_OBJC_WEAK = YES;
				CLANG_WARN_BLOCK_CAPTURE_AUTORELEASING = YES;
				CLANG_WARN_BOOL_CONVERSION = YES;
				CLANG_WARN_COMMA = YES;
				CLANG_WARN_CONSTANT_CONVERSION = YES;
				CLANG_WARN_DEPRECATED_OBJC_IMPLEMENTATIONS = YES;
				CLANG_WARN_DIRECT_OBJC_ISA_USAGE = YES_ERROR;
				CLANG_WARN_DOCUMENTATION_COMMENTS = YES;
				CLANG_WARN_EMPTY_BODY = YES;
				CLANG_WARN_ENUM_CONVERSION = YES;
				CLANG_WARN_INFINITE_RECURSION = YES;
				CLANG_WARN_INT_CONVERSION = YES;
				CLANG_WARN_NON_LITERAL_NULL_CONVERSION = YES;
				CLANG_WARN_OBJC_IMPLICIT_RETAIN_SELF = YES;
				CLANG_WARN_OBJC_LITERAL_CONVERSION = YES;
				CLANG_WARN_OBJC_ROOT_CLASS = YES_ERROR;
				CLANG_WARN_QUOTED_INCLUDE_IN_FRAMEWORK_HEADER = YES;
				CLANG_WARN_RANGE_LOOP_ANALYSIS = YES;
				CLANG_WARN_STRICT_PROTOTYPES = YES;
				CLANG_WARN_SUSPICIOUS_MOVE = YES;
				CLANG_WARN_UNGUARDED_AVAILABILITY = YES_AGGRESSIVE;
				CLANG_WARN_UNREACHABLE_CODE = YES;
				CLANG_WARN__DUPLICATE_METHOD_MATCH = YES;
				COPY_PHASE_STRIP = NO;
				DEBUG_INFORMATION_FORMAT = "dwarf-with-dsym";
				ENABLE_NS_ASSERTIONS = NO;
				ENABLE_STRICT_OBJC_MSGSEND = YES;
				GCC_C_LANGUAGE_STANDARD = gnu11;
				GCC_NO_COMMON_BLOCKS = YES;
				GCC_WARN_64_TO_32_BIT_CONVERSION = YES;
				GCC_WARN_ABOUT_RETURN_TYPE = YES_ERROR;
				GCC_WARN_UNDECLARED_SELECTOR = YES;
				GCC_WARN_UNINITIALIZED_AUTOS = YES_AGGRESSIVE;
				GCC_WARN_UNUSED_FUNCTION = YES;
				GCC_WARN_UNUSED_VARIABLE = YES;
				IPHONEOS_DEPLOYMENT_TARGET = 16.2;
				MTL_ENABLE_DEBUG_INFO = NO;
				MTL_FAST_MATH = YES;
				SDKROOT = iphoneos;
				SWIFT_COMPILATION_MODE = wholemodule;
				SWIFT_OPTIMIZATION_LEVEL = "-O";
				VALIDATE_PRODUCT = YES;
			};
			name = Release;
		};
		4042C62629BB4FB600A5FB1B /* Debug */ = {
			isa = XCBuildConfiguration;
			buildSettings = {
				ASSETCATALOG_COMPILER_APPICON_NAME = AppIcon;
				ASSETCATALOG_COMPILER_GLOBAL_ACCENT_COLOR_NAME = AccentColor;
				CODE_SIGN_STYLE = Automatic;
				CURRENT_PROJECT_VERSION = 1;
				DEVELOPMENT_ASSET_PATHS = "\"Things/Preview Content\"";
				DEVELOPMENT_TEAM = V73WZ9Y4HH;
				ENABLE_PREVIEWS = YES;
				GENERATE_INFOPLIST_FILE = YES;
				INFOPLIST_KEY_UIApplicationSceneManifest_Generation = YES;
				INFOPLIST_KEY_UIApplicationSupportsIndirectInputEvents = YES;
				INFOPLIST_KEY_UILaunchScreen_Generation = YES;
				INFOPLIST_KEY_UISupportedInterfaceOrientations_iPad = "UIInterfaceOrientationPortrait UIInterfaceOrientationPortraitUpsideDown UIInterfaceOrientationLandscapeLeft UIInterfaceOrientationLandscapeRight";
				INFOPLIST_KEY_UISupportedInterfaceOrientations_iPhone = "UIInterfaceOrientationPortrait UIInterfaceOrientationLandscapeLeft UIInterfaceOrientationLandscapeRight";
				LD_RUNPATH_SEARCH_PATHS = (
					"$(inherited)",
					"@executable_path/Frameworks",
				);
				MARKETING_VERSION = 1.0;
				PRODUCT_BUNDLE_IDENTIFIER = lat.cristian.Things;
				PRODUCT_NAME = "$(TARGET_NAME)";
				SWIFT_EMIT_LOC_STRINGS = YES;
				SWIFT_VERSION = 5.0;
				TARGETED_DEVICE_FAMILY = "1,2";
			};
			name = Debug;
		};
		4042C62729BB4FB600A5FB1B /* Release */ = {
			isa = XCBuildConfiguration;
			buildSettings = {
				ASSETCATALOG_COMPILER_APPICON_NAME = AppIcon;
				ASSETCATALOG_COMPILER_GLOBAL_ACCENT_COLOR_NAME = AccentColor;
				CODE_SIGN_STYLE = Automatic;
				CURRENT_PROJECT_VERSION = 1;
				DEVELOPMENT_ASSET_PATHS = "\"Things/Preview Content\"";
				DEVELOPMENT_TEAM = V73WZ9Y4HH;
				ENABLE_PREVIEWS = YES;
				GENERATE_INFOPLIST_FILE = YES;
				INFOPLIST_KEY_UIApplicationSceneManifest_Generation = YES;
				INFOPLIST_KEY_UIApplicationSupportsIndirectInputEvents = YES;
				INFOPLIST_KEY_UILaunchScreen_Generation = YES;
				INFOPLIST_KEY_UISupportedInterfaceOrientations_iPad = "UIInterfaceOrientationPortrait UIInterfaceOrientationPortraitUpsideDown UIInterfaceOrientationLandscapeLeft UIInterfaceOrientationLandscapeRight";
				INFOPLIST_KEY_UISupportedInterfaceOrientations_iPhone = "UIInterfaceOrientationPortrait UIInterfaceOrientationLandscapeLeft UIInterfaceOrientationLandscapeRight";
				LD_RUNPATH_SEARCH_PATHS = (
					"$(inherited)",
					"@executable_path/Frameworks",
				);
				MARKETING_VERSION = 1.0;
				PRODUCT_BUNDLE_IDENTIFIER = lat.cristian.Things;
				PRODUCT_NAME = "$(TARGET_NAME)";
				SWIFT_EMIT_LOC_STRINGS = YES;
				SWIFT_VERSION = 5.0;
				TARGETED_DEVICE_FAMILY = "1,2";
			};
			name = Release;
		};
		4042C62929BB4FB600A5FB1B /* Debug */ = {
			isa = XCBuildConfiguration;
			buildSettings = {
				ALWAYS_EMBED_SWIFT_STANDARD_LIBRARIES = YES;
				BUNDLE_LOADER = "$(TEST_HOST)";
				CODE_SIGN_STYLE = Automatic;
				CURRENT_PROJECT_VERSION = 1;
				DEVELOPMENT_TEAM = V73WZ9Y4HH;
				GENERATE_INFOPLIST_FILE = YES;
				IPHONEOS_DEPLOYMENT_TARGET = 16.2;
				MARKETING_VERSION = 1.0;
				PRODUCT_BUNDLE_IDENTIFIER = lat.cristian.ThingsTests;
				PRODUCT_NAME = "$(TARGET_NAME)";
				SWIFT_EMIT_LOC_STRINGS = NO;
				SWIFT_VERSION = 5.0;
				TARGETED_DEVICE_FAMILY = "1,2";
				TEST_HOST = "$(BUILT_PRODUCTS_DIR)/Things.app/$(BUNDLE_EXECUTABLE_FOLDER_PATH)/Things";
			};
			name = Debug;
		};
		4042C62A29BB4FB600A5FB1B /* Release */ = {
			isa = XCBuildConfiguration;
			buildSettings = {
				ALWAYS_EMBED_SWIFT_STANDARD_LIBRARIES = YES;
				BUNDLE_LOADER = "$(TEST_HOST)";
				CODE_SIGN_STYLE = Automatic;
				CURRENT_PROJECT_VERSION = 1;
				DEVELOPMENT_TEAM = V73WZ9Y4HH;
				GENERATE_INFOPLIST_FILE = YES;
				IPHONEOS_DEPLOYMENT_TARGET = 16.2;
				MARKETING_VERSION = 1.0;
				PRODUCT_BUNDLE_IDENTIFIER = lat.cristian.ThingsTests;
				PRODUCT_NAME = "$(TARGET_NAME)";
				SWIFT_EMIT_LOC_STRINGS = NO;
				SWIFT_VERSION = 5.0;
				TARGETED_DEVICE_FAMILY = "1,2";
				TEST_HOST = "$(BUILT_PRODUCTS_DIR)/Things.app/$(BUNDLE_EXECUTABLE_FOLDER_PATH)/Things";
			};
			name = Release;
		};
/* End XCBuildConfiguration section */

/* Begin XCConfigurationList section */
		4042C5F629BB4FB500A5FB1B /* Build configuration list for PBXProject "Things" */ = {
			isa = XCConfigurationList;
			buildConfigurations = (
				4042C62329BB4FB600A5FB1B /* Debug */,
				4042C62429BB4FB600A5FB1B /* Release */,
			);
			defaultConfigurationIsVisible = 0;
			defaultConfigurationName = Release;
		};
		4042C62529BB4FB600A5FB1B /* Build configuration list for PBXNativeTarget "Things" */ = {
			isa = XCConfigurationList;
			buildConfigurations = (
				4042C62629BB4FB600A5FB1B /* Debug */,
				4042C62729BB4FB600A5FB1B /* Release */,
			);
			defaultConfigurationIsVisible = 0;
			defaultConfigurationName = Release;
		};
		4042C62829BB4FB600A5FB1B /* Build configuration list for PBXNativeTarget "ThingsTests" */ = {
			isa = XCConfigurationList;
			buildConfigurations = (
				4042C62929BB4FB600A5FB1B /* Debug */,
				4042C62A29BB4FB600A5FB1B /* Release */,
			);
			defaultConfigurationIsVisible = 0;
			defaultConfigurationName = Release;
		};
/* End XCConfigurationList section */

/* Begin XCVersionGroup section */
		4042C60929BB4FB600A5FB1B /* Things.xcdatamodeld */ = {
			isa = XCVersionGroup;
			children = (
				4042C60A29BB4FB600A5FB1B /* Things.xcdatamodel */,
			);
			currentVersion = 4042C60A29BB4FB600A5FB1B /* Things.xcdatamodel */;
			path = Things.xcdatamodeld;
			sourceTree = "<group>";
			versionGroupType = wrapper.xcdatamodel;
		};
/* End XCVersionGroup section */
	};
	rootObject = 4042C5F329BB4FB500A5FB1B /* Project object */;
}
